{
    "_meta": {
        "hash": {
            "sha256": "326c0cdc74bba9df59098128dc6321699af65fdbdece76ba7bc04df8e2aab9d3"
        },
        "pipfile-spec": 6,
        "requires": {
            "python_full_version": "3.11.2",
            "python_version": "3.11"
        },
        "sources": [
            {
                "name": "pypi",
                "url": "https://pypi.org/simple",
                "verify_ssl": true
            }
        ]
    },
    "default": {
        "aiosqlite": {
            "hashes": [
                "sha256:95ee77b91c8d2808bd08a59fbebf66270e9090c3d92ffbf260dc0db0b979577d",
                "sha256:edba222e03453e094a3ce605db1b970c4b3376264e56f32e2a4959f948d66a96"
            ],
            "index": "pypi",
            "version": "==0.19.0"
        },
        "anyio": {
            "hashes": [
                "sha256:275d9973793619a5374e1c89a4f4ad3f4b0a5510a2b5b939444bee8f4c4d37ce",
                "sha256:eddca883c4175f14df8aedce21054bfca3adb70ffe76a9f607aef9d7fa2ea7f0"
            ],
            "markers": "python_version >= '3.7'",
            "version": "==3.7.0"
        },
        "certifi": {
            "hashes": [
                "sha256:0f0d56dc5a6ad56fd4ba36484d6cc34451e1c6548c61daad8c320169f91eddc7",
                "sha256:c6c2e98f5c7869efca1f8916fed228dd91539f9f1b444c314c06eef02980c716"
            ],
            "markers": "python_version >= '3.6'",
            "version": "==2023.5.7"
        },
        "click": {
            "hashes": [
                "sha256:7682dc8afb30297001674575ea00d1814d808d6a36af415a82bd481d37ba7b8e",
                "sha256:bb4d8133cb15a609f44e8213d9b391b0809795062913b383c62be0ee95b1db48"
            ],
            "markers": "python_version >= '3.7'",
            "version": "==8.1.3"
        },
        "databases": {
            "hashes": [
                "sha256:cf5da4b8a3e3cd038c459529725ebb64931cbbb7a091102664f20ef8f6cefd0d",
                "sha256:ea2d419d3d2eb80595b7ceb8f282056f080af62efe2fb9bcd83562f93ec4b674"
            ],
            "index": "pypi",
            "version": "==0.7.0"
        },
        "greenlet": {
            "hashes": [
                "sha256:03a8f4f3430c3b3ff8d10a2a86028c660355ab637cee9333d63d66b56f09d52a",
                "sha256:0bf60faf0bc2468089bdc5edd10555bab6e85152191df713e2ab1fcc86382b5a",
                "sha256:18a7f18b82b52ee85322d7a7874e676f34ab319b9f8cce5de06067384aa8ff43",
                "sha256:18e98fb3de7dba1c0a852731c3070cf022d14f0d68b4c87a19cc1016f3bb8b33",
                "sha256:1a819eef4b0e0b96bb0d98d797bef17dc1b4a10e8d7446be32d1da33e095dbb8",
                "sha256:26fbfce90728d82bc9e6c38ea4d038cba20b7faf8a0ca53a9c07b67318d46088",
                "sha256:2780572ec463d44c1d3ae850239508dbeb9fed38e294c68d19a24d925d9223ca",
                "sha256:283737e0da3f08bd637b5ad058507e578dd462db259f7f6e4c5c365ba4ee9343",
                "sha256:2d4686f195e32d36b4d7cf2d166857dbd0ee9f3d20ae349b6bf8afc8485b3645",
                "sha256:2dd11f291565a81d71dab10b7033395b7a3a5456e637cf997a6f33ebdf06f8db",
                "sha256:30bcf80dda7f15ac77ba5af2b961bdd9dbc77fd4ac6105cee85b0d0a5fcf74df",
                "sha256:32e5b64b148966d9cccc2c8d35a671409e45f195864560829f395a54226408d3",
                "sha256:36abbf031e1c0f79dd5d596bfaf8e921c41df2bdf54ee1eed921ce1f52999a86",
                "sha256:3a06ad5312349fec0ab944664b01d26f8d1f05009566339ac6f63f56589bc1a2",
                "sha256:3a51c9751078733d88e013587b108f1b7a1fb106d402fb390740f002b6f6551a",
                "sha256:3c9b12575734155d0c09d6c3e10dbd81665d5c18e1a7c6597df72fd05990c8cf",
                "sha256:3f6ea9bd35eb450837a3d80e77b517ea5bc56b4647f5502cd28de13675ee12f7",
                "sha256:4b58adb399c4d61d912c4c331984d60eb66565175cdf4a34792cd9600f21b394",
                "sha256:4d2e11331fc0c02b6e84b0d28ece3a36e0548ee1a1ce9ddde03752d9b79bba40",
                "sha256:5454276c07d27a740c5892f4907c86327b632127dd9abec42ee62e12427ff7e3",
                "sha256:561091a7be172ab497a3527602d467e2b3fbe75f9e783d8b8ce403fa414f71a6",
                "sha256:6c3acb79b0bfd4fe733dff8bc62695283b57949ebcca05ae5c129eb606ff2d74",
                "sha256:703f18f3fda276b9a916f0934d2fb6d989bf0b4fb5a64825260eb9bfd52d78f0",
                "sha256:7492e2b7bd7c9b9916388d9df23fa49d9b88ac0640db0a5b4ecc2b653bf451e3",
                "sha256:76ae285c8104046b3a7f06b42f29c7b73f77683df18c49ab5af7983994c2dd91",
                "sha256:7cafd1208fdbe93b67c7086876f061f660cfddc44f404279c1585bbf3cdc64c5",
                "sha256:7efde645ca1cc441d6dc4b48c0f7101e8d86b54c8530141b09fd31cef5149ec9",
                "sha256:88d9ab96491d38a5ab7c56dd7a3cc37d83336ecc564e4e8816dbed12e5aaefc8",
                "sha256:8eab883b3b2a38cc1e050819ef06a7e6344d4a990d24d45bc6f2cf959045a45b",
                "sha256:910841381caba4f744a44bf81bfd573c94e10b3045ee00de0cbf436fe50673a6",
                "sha256:9190f09060ea4debddd24665d6804b995a9c122ef5917ab26e1566dcc712ceeb",
                "sha256:937e9020b514ceedb9c830c55d5c9872abc90f4b5862f89c0887033ae33c6f73",
                "sha256:94c817e84245513926588caf1152e3b559ff794d505555211ca041f032abbb6b",
                "sha256:971ce5e14dc5e73715755d0ca2975ac88cfdaefcaab078a284fea6cfabf866df",
                "sha256:9d14b83fab60d5e8abe587d51c75b252bcc21683f24699ada8fb275d7712f5a9",
                "sha256:9f35ec95538f50292f6d8f2c9c9f8a3c6540bbfec21c9e5b4b751e0a7c20864f",
                "sha256:a1846f1b999e78e13837c93c778dcfc3365902cfb8d1bdb7dd73ead37059f0d0",
                "sha256:acd2162a36d3de67ee896c43effcd5ee3de247eb00354db411feb025aa319857",
                "sha256:b0ef99cdbe2b682b9ccbb964743a6aca37905fda5e0452e5ee239b1654d37f2a",
                "sha256:b80f600eddddce72320dbbc8e3784d16bd3fb7b517e82476d8da921f27d4b249",
                "sha256:b864ba53912b6c3ab6bcb2beb19f19edd01a6bfcbdfe1f37ddd1778abfe75a30",
                "sha256:b9ec052b06a0524f0e35bd8790686a1da006bd911dd1ef7d50b77bfbad74e292",
                "sha256:ba2956617f1c42598a308a84c6cf021a90ff3862eddafd20c3333d50f0edb45b",
                "sha256:bdfea8c661e80d3c1c99ad7c3ff74e6e87184895bbaca6ee8cc61209f8b9b85d",
                "sha256:be4ed120b52ae4d974aa40215fcdfde9194d63541c7ded40ee12eb4dda57b76b",
                "sha256:c4302695ad8027363e96311df24ee28978162cdcdd2006476c43970b384a244c",
                "sha256:c48f54ef8e05f04d6eff74b8233f6063cb1ed960243eacc474ee73a2ea8573ca",
                "sha256:c9c59a2120b55788e800d82dfa99b9e156ff8f2227f07c5e3012a45a399620b7",
                "sha256:cd021c754b162c0fb55ad5d6b9d960db667faad0fa2ff25bb6e1301b0b6e6a75",
                "sha256:d27ec7509b9c18b6d73f2f5ede2622441de812e7b1a80bbd446cb0633bd3d5ae",
                "sha256:d5508f0b173e6aa47273bdc0a0b5ba055b59662ba7c7ee5119528f466585526b",
                "sha256:d75209eed723105f9596807495d58d10b3470fa6732dd6756595e89925ce2470",
                "sha256:db1a39669102a1d8d12b57de2bb7e2ec9066a6f2b3da35ae511ff93b01b5d564",
                "sha256:dbfcfc0218093a19c252ca8eb9aee3d29cfdcb586df21049b9d777fd32c14fd9",
                "sha256:e0f72c9ddb8cd28532185f54cc1453f2c16fb417a08b53a855c4e6a418edd099",
                "sha256:e7c8dc13af7db097bed64a051d2dd49e9f0af495c26995c00a9ee842690d34c0",
                "sha256:ea9872c80c132f4663822dd2a08d404073a5a9b5ba6155bea72fb2a79d1093b5",
                "sha256:eff4eb9b7eb3e4d0cae3d28c283dc16d9bed6b193c2e1ace3ed86ce48ea8df19",
                "sha256:f82d4d717d8ef19188687aa32b8363e96062911e63ba22a0cff7802a8e58e5f1",
                "sha256:fc3a569657468b6f3fb60587e48356fe512c1754ca05a564f11366ac9e306526"
            ],
            "markers": "python_version >= '3' and platform_machine == 'aarch64' or (platform_machine == 'ppc64le' or (platform_machine == 'x86_64' or (platform_machine == 'amd64' or (platform_machine == 'AMD64' or (platform_machine == 'win32' or platform_machine == 'WIN32')))))",
            "version": "==2.0.2"
        },
        "h11": {
            "hashes": [
                "sha256:8f19fbbe99e72420ff35c00b27a34cb9937e902a8b810e2c88300c6f0a3b699d",
                "sha256:e3fe4ac4b851c468cc8363d500db52c2ead036020723024a109d37346efaa761"
            ],
            "markers": "python_version >= '3.7'",
            "version": "==0.14.0"
        },
        "httpcore": {
            "hashes": [
                "sha256:125f8375ab60036db632f34f4b627a9ad085048eef7cb7d2616fea0f739f98af",
                "sha256:5581b9c12379c4288fe70f43c710d16060c10080617001e6b22a3b6dbcbefd36"
            ],
            "markers": "python_version >= '3.7'",
            "version": "==0.17.2"
        },
        "httpx": {
            "hashes": [
                "sha256:06781eb9ac53cde990577af654bd990a4949de37a28bdb4a230d434f3a30b9bd",
                "sha256:5853a43053df830c20f8110c5e69fe44d035d850b2dfe795e196f00fdb774bdd"
            ],
            "version": "==0.24.1"
        },
        "idna": {
            "hashes": [
                "sha256:814f528e8dead7d329833b91c5faa87d60bf71824cd12a7530b5526063d02cb4",
                "sha256:90b77e79eaa3eba6de819a0c442c0b4ceefc341a7a2ab77d7562bf49f425c5c2"
            ],
            "markers": "python_version >= '3.5'",
            "version": "==3.4"
        },
        "itsdangerous": {
            "hashes": [
                "sha256:2c2349112351b88699d8d4b6b075022c0808887cb7ad10069318a8b0bc88db44",
                "sha256:5dbbc68b317e5e42f327f9021763545dc3fc3bfe22e6deb96aaf1fc38874156a"
            ],
            "version": "==2.1.2"
        },
        "jinja2": {
            "hashes": [
                "sha256:31351a702a408a9e7595a8fc6150fc3f43bb6bf7e319770cbc0db9df9437e852",
                "sha256:6088930bfe239f0e6710546ab9c19c9ef35e29792895fed6e6e31a023a182a61"
            ],
            "index": "pypi",
            "version": "==3.1.2"
        },
        "lru-dict": {
            "hashes": [
                "sha256:00f6e8a3fc91481b40395316a14c94daa0f0a5de62e7e01a7d589f8d29224052",
                "sha256:020b93870f8c7195774cbd94f033b96c14f51c57537969965c3af300331724fe",
                "sha256:05fb8744f91f58479cbe07ed80ada6696ec7df21ea1740891d4107a8dd99a970",
                "sha256:086ce993414f0b28530ded7e004c77dc57c5748fa6da488602aa6e7f79e6210e",
                "sha256:0c316dfa3897fabaa1fe08aae89352a3b109e5f88b25529bc01e98ac029bf878",
                "sha256:0facf49b053bf4926d92d8d5a46fe07eecd2af0441add0182c7432d53d6da667",
                "sha256:1171ad3bff32aa8086778be4a3bdff595cc2692e78685bcce9cb06b96b22dcc2",
                "sha256:1184d91cfebd5d1e659d47f17a60185bbf621635ca56dcdc46c6a1745d25df5c",
                "sha256:13c56782f19d68ddf4d8db0170041192859616514c706b126d0df2ec72a11bd7",
                "sha256:18ee88ada65bd2ffd483023be0fa1c0a6a051ef666d1cd89e921dcce134149f2",
                "sha256:203b3e78d03d88f491fa134f85a42919020686b6e6f2d09759b2f5517260c651",
                "sha256:20f5f411f7751ad9a2c02e80287cedf69ae032edd321fe696e310d32dd30a1f8",
                "sha256:21b3090928c7b6cec509e755cc3ab742154b33660a9b433923bd12c37c448e3e",
                "sha256:22147367b296be31cc858bf167c448af02435cac44806b228c9be8117f1bfce4",
                "sha256:231d7608f029dda42f9610e5723614a35b1fff035a8060cf7d2be19f1711ace8",
                "sha256:25f9e0bc2fe8f41c2711ccefd2871f8a5f50a39e6293b68c3dec576112937aad",
                "sha256:287c2115a59c1c9ed0d5d8ae7671e594b1206c36ea9df2fca6b17b86c468ff99",
                "sha256:291d13f85224551913a78fe695cde04cbca9dcb1d84c540167c443eb913603c9",
                "sha256:312b6b2a30188586fe71358f0f33e4bac882d33f5e5019b26f084363f42f986f",
                "sha256:34a3091abeb95e707f381a8b5b7dc8e4ee016316c659c49b726857b0d6d1bd7a",
                "sha256:35a142a7d1a4fd5d5799cc4f8ab2fff50a598d8cee1d1c611f50722b3e27874f",
                "sha256:3838e33710935da2ade1dd404a8b936d571e29268a70ff4ca5ba758abb3850df",
                "sha256:5345bf50e127bd2767e9fd42393635bbc0146eac01f6baf6ef12c332d1a6a329",
                "sha256:5919dd04446bc1ee8d6ecda2187deeebfff5903538ae71083e069bc678599446",
                "sha256:59f3df78e94e07959f17764e7fa7ca6b54e9296953d2626a112eab08e1beb2db",
                "sha256:5b172fce0a0ffc0fa6d282c14256d5a68b5db1e64719c2915e69084c4b6bf555",
                "sha256:5c6acbd097b15bead4de8e83e8a1030bb4d8257723669097eac643a301a952f0",
                "sha256:5d90a70c53b0566084447c3ef9374cc5a9be886e867b36f89495f211baabd322",
                "sha256:604d07c7604b20b3130405d137cae61579578b0e8377daae4125098feebcb970",
                "sha256:6b7a031e47421d4b7aa626b8c91c180a9f037f89e5d0a71c4bb7afcf4036c774",
                "sha256:6da5b8099766c4da3bf1ed6e7d7f5eff1681aff6b5987d1258a13bd2ed54f0c9",
                "sha256:712e71b64da181e1c0a2eaa76cd860265980cd15cb0e0498602b8aa35d5db9f8",
                "sha256:71da89e134747e20ed5b8ad5b4ee93fc5b31022c2b71e8176e73c5a44699061b",
                "sha256:756230c22257597b7557eaef7f90484c489e9ba78e5bb6ab5a5bcfb6b03cb075",
                "sha256:7d3336e901acec897bcd318c42c2b93d5f1d038e67688f497045fc6bad2c0be7",
                "sha256:7e51fa6a203fa91d415f3b2900e5748ec8e06ad75777c98cc3aeb3983ca416d7",
                "sha256:877801a20f05c467126b55338a4e9fa30e2a141eb7b0b740794571b7d619ee11",
                "sha256:87bbad3f5c3de8897b8c1263a9af73bbb6469fb90e7b57225dad89b8ef62cd8d",
                "sha256:8bda3a9afd241ee0181661decaae25e5336ce513ac268ab57da737eacaa7871f",
                "sha256:8dafc481d2defb381f19b22cc51837e8a42631e98e34b9e0892245cc96593deb",
                "sha256:91d577a11b84387013815b1ad0bb6e604558d646003b44c92b3ddf886ad0f879",
                "sha256:981ef3edc82da38d39eb60eae225b88a538d47b90cce2e5808846fd2cf64384b",
                "sha256:987b73a06bcf5a95d7dc296241c6b1f9bc6cda42586948c9dabf386dc2bef1cd",
                "sha256:9e4c85aa8844bdca3c8abac3b7f78da1531c74e9f8b3e4890c6e6d86a5a3f6c0",
                "sha256:a3ea7571b6bf2090a85ff037e6593bbafe1a8598d5c3b4560eb56187bcccb4dc",
                "sha256:a87bdc291718bbdf9ea4be12ae7af26cbf0706fa62c2ac332748e3116c5510a7",
                "sha256:aaecd7085212d0aa4cd855f38b9d61803d6509731138bf798a9594745953245b",
                "sha256:ae301c282a499dc1968dd633cfef8771dd84228ae9d40002a3ea990e4ff0c469",
                "sha256:afdadd73304c9befaed02eb42f5f09fdc16288de0a08b32b8080f0f0f6350aa6",
                "sha256:b20b7c9beb481e92e07368ebfaa363ed7ef61e65ffe6e0edbdbaceb33e134124",
                "sha256:b30122e098c80e36d0117810d46459a46313421ce3298709170b687dc1240b02",
                "sha256:b55753ee23028ba8644fd22e50de7b8f85fa60b562a0fafaad788701d6131ff8",
                "sha256:b5ccfd2291c93746a286c87c3f895165b697399969d24c54804ec3ec559d4e43",
                "sha256:b6613daa851745dd22b860651de930275be9d3e9373283a2164992abacb75b62",
                "sha256:b710f0f4d7ec4f9fa89dfde7002f80bcd77de8024017e70706b0911ea086e2ef",
                "sha256:b9ec7a4a0d6b8297102aa56758434fb1fca276a82ed7362e37817407185c3abb",
                "sha256:bb12f19cdf9c4f2d9aa259562e19b188ff34afab28dd9509ff32a3f1c2c29326",
                "sha256:bd2cd1b998ea4c8c1dad829fc4fa88aeed4dee555b5e03c132fc618e6123f168",
                "sha256:c4da599af36618881748b5db457d937955bb2b4800db891647d46767d636c408",
                "sha256:c53b12b89bd7a6c79f0536ff0d0a84fdf4ab5f6252d94b24b9b753bd9ada2ddf",
                "sha256:c9617583173a29048e11397f165501edc5ae223504a404b2532a212a71ecc9ed",
                "sha256:cd46c94966f631a81ffe33eee928db58e9fbee15baba5923d284aeadc0e0fa76",
                "sha256:cd6806313606559e6c7adfa0dbeb30fc5ab625f00958c3d93f84831e7a32b71e",
                "sha256:d0dd4cd58220351233002f910e35cc01d30337696b55c6578f71318b137770f9",
                "sha256:d0f7ec902a0097ac39f1922c89be9eaccf00eb87751e28915320b4f72912d057",
                "sha256:d5bb41bc74b321789803d45b124fc2145c1b3353b4ad43296d9d1d242574969b",
                "sha256:d7ab0c10c4fa99dc9e26b04e6b62ac32d2bcaea3aad9b81ec8ce9a7aa32b7b1b",
                "sha256:de24b47159e07833aeab517d9cb1c3c5c2d6445cc378b1c2f1d8d15fb4841d63",
                "sha256:de906e5486b5c053d15b7731583c25e3c9147c288ac8152a6d1f9bccdec72641",
                "sha256:df25a426446197488a6702954dcc1de511deee20c9db730499a2aa83fddf0df1",
                "sha256:e25b2e90a032dc248213af7f3f3e975e1934b204f3b16aeeaeaff27a3b65e128",
                "sha256:e707d93bae8f0a14e6df1ae8b0f076532b35f00e691995f33132d806a88e5c18",
                "sha256:ea2ac3f7a7a2f32f194c84d82a034e66780057fd908b421becd2f173504d040e",
                "sha256:ead83ac59a29d6439ddff46e205ce32f8b7f71a6bd8062347f77e232825e3d0a",
                "sha256:edad398d5d402c43d2adada390dd83c74e46e020945ff4df801166047013617e",
                "sha256:f010cfad3ab10676e44dc72a813c968cd586f37b466d27cde73d1f7f1ba158c2",
                "sha256:f404dcc8172da1f28da9b1f0087009578e608a4899b96d244925c4f463201f2a",
                "sha256:f54908bf91280a9b8fa6a8c8f3c2f65850ce6acae2852bbe292391628ebca42f",
                "sha256:f5d5a5f976b39af73324f2b793862859902ccb9542621856d51a5993064f25e4",
                "sha256:f9484016e6765bd295708cccc9def49f708ce07ac003808f69efa386633affb9",
                "sha256:fbf36c5a220a85187cacc1fcb7dd87070e04b5fc28df7a43f6842f7c8224a388",
                "sha256:fc42882b554a86e564e0b662da47b8a4b32fa966920bd165e27bb8079a323bc1"
            ],
            "index": "pypi",
            "version": "==1.2.0"
        },
        "markupsafe": {
            "hashes": [
                "sha256:0576fe974b40a400449768941d5d0858cc624e3249dfd1e0c33674e5c7ca7aed",
                "sha256:085fd3201e7b12809f9e6e9bc1e5c96a368c8523fad5afb02afe3c051ae4afcc",
                "sha256:090376d812fb6ac5f171e5938e82e7f2d7adc2b629101cec0db8b267815c85e2",
                "sha256:0b462104ba25f1ac006fdab8b6a01ebbfbce9ed37fd37fd4acd70c67c973e460",
                "sha256:137678c63c977754abe9086a3ec011e8fd985ab90631145dfb9294ad09c102a7",
                "sha256:1bea30e9bf331f3fef67e0a3877b2288593c98a21ccb2cf29b74c581a4eb3af0",
                "sha256:22152d00bf4a9c7c83960521fc558f55a1adbc0631fbb00a9471e097b19d72e1",
                "sha256:22731d79ed2eb25059ae3df1dfc9cb1546691cc41f4e3130fe6bfbc3ecbbecfa",
                "sha256:2298c859cfc5463f1b64bd55cb3e602528db6fa0f3cfd568d3605c50678f8f03",
                "sha256:28057e985dace2f478e042eaa15606c7efccb700797660629da387eb289b9323",
                "sha256:2e7821bffe00aa6bd07a23913b7f4e01328c3d5cc0b40b36c0bd81d362faeb65",
                "sha256:2ec4f2d48ae59bbb9d1f9d7efb9236ab81429a764dedca114f5fdabbc3788013",
                "sha256:340bea174e9761308703ae988e982005aedf427de816d1afe98147668cc03036",
                "sha256:40627dcf047dadb22cd25ea7ecfe9cbf3bbbad0482ee5920b582f3809c97654f",
                "sha256:40dfd3fefbef579ee058f139733ac336312663c6706d1163b82b3003fb1925c4",
                "sha256:4cf06cdc1dda95223e9d2d3c58d3b178aa5dacb35ee7e3bbac10e4e1faacb419",
                "sha256:50c42830a633fa0cf9e7d27664637532791bfc31c731a87b202d2d8ac40c3ea2",
                "sha256:55f44b440d491028addb3b88f72207d71eeebfb7b5dbf0643f7c023ae1fba619",
                "sha256:608e7073dfa9e38a85d38474c082d4281f4ce276ac0010224eaba11e929dd53a",
                "sha256:63ba06c9941e46fa389d389644e2d8225e0e3e5ebcc4ff1ea8506dce646f8c8a",
                "sha256:65608c35bfb8a76763f37036547f7adfd09270fbdbf96608be2bead319728fcd",
                "sha256:665a36ae6f8f20a4676b53224e33d456a6f5a72657d9c83c2aa00765072f31f7",
                "sha256:6d6607f98fcf17e534162f0709aaad3ab7a96032723d8ac8750ffe17ae5a0666",
                "sha256:7313ce6a199651c4ed9d7e4cfb4aa56fe923b1adf9af3b420ee14e6d9a73df65",
                "sha256:7668b52e102d0ed87cb082380a7e2e1e78737ddecdde129acadb0eccc5423859",
                "sha256:7df70907e00c970c60b9ef2938d894a9381f38e6b9db73c5be35e59d92e06625",
                "sha256:7e007132af78ea9df29495dbf7b5824cb71648d7133cf7848a2a5dd00d36f9ff",
                "sha256:835fb5e38fd89328e9c81067fd642b3593c33e1e17e2fdbf77f5676abb14a156",
                "sha256:8bca7e26c1dd751236cfb0c6c72d4ad61d986e9a41bbf76cb445f69488b2a2bd",
                "sha256:8db032bf0ce9022a8e41a22598eefc802314e81b879ae093f36ce9ddf39ab1ba",
                "sha256:99625a92da8229df6d44335e6fcc558a5037dd0a760e11d84be2260e6f37002f",
                "sha256:9cad97ab29dfc3f0249b483412c85c8ef4766d96cdf9dcf5a1e3caa3f3661cf1",
                "sha256:a4abaec6ca3ad8660690236d11bfe28dfd707778e2442b45addd2f086d6ef094",
                "sha256:a6e40afa7f45939ca356f348c8e23048e02cb109ced1eb8420961b2f40fb373a",
                "sha256:a6f2fcca746e8d5910e18782f976489939d54a91f9411c32051b4aab2bd7c513",
                "sha256:a806db027852538d2ad7555b203300173dd1b77ba116de92da9afbc3a3be3eed",
                "sha256:abcabc8c2b26036d62d4c746381a6f7cf60aafcc653198ad678306986b09450d",
                "sha256:b8526c6d437855442cdd3d87eede9c425c4445ea011ca38d937db299382e6fa3",
                "sha256:bb06feb762bade6bf3c8b844462274db0c76acc95c52abe8dbed28ae3d44a147",
                "sha256:c0a33bc9f02c2b17c3ea382f91b4db0e6cde90b63b296422a939886a7a80de1c",
                "sha256:c4a549890a45f57f1ebf99c067a4ad0cb423a05544accaf2b065246827ed9603",
                "sha256:ca244fa73f50a800cf8c3ebf7fd93149ec37f5cb9596aa8873ae2c1d23498601",
                "sha256:cf877ab4ed6e302ec1d04952ca358b381a882fbd9d1b07cccbfd61783561f98a",
                "sha256:d9d971ec1e79906046aa3ca266de79eac42f1dbf3612a05dc9368125952bd1a1",
                "sha256:da25303d91526aac3672ee6d49a2f3db2d9502a4a60b55519feb1a4c7714e07d",
                "sha256:e55e40ff0cc8cc5c07996915ad367fa47da6b3fc091fdadca7f5403239c5fec3",
                "sha256:f03a532d7dee1bed20bc4884194a16160a2de9ffc6354b3878ec9682bb623c54",
                "sha256:f1cd098434e83e656abf198f103a8207a8187c0fc110306691a2e94a78d0abb2",
                "sha256:f2bfb563d0211ce16b63c7cb9395d2c682a23187f54c3d79bfec33e6705473c6",
                "sha256:f8ffb705ffcf5ddd0e80b65ddf7bed7ee4f5a441ea7d3419e861a12eaf41af58"
            ],
            "markers": "python_version >= '3.7'",
            "version": "==2.1.2"
        },
        "mypy": {
            "hashes": [
                "sha256:1c4c42c60a8103ead4c1c060ac3cdd3ff01e18fddce6f1016e08939647a0e703",
                "sha256:44797d031a41516fcf5cbfa652265bb994e53e51994c1bd649ffcd0c3a7eccbf",
                "sha256:473117e310febe632ddf10e745a355714e771ffe534f06db40702775056614c4",
                "sha256:4c99c3ecf223cf2952638da9cd82793d8f3c0c5fa8b6ae2b2d9ed1e1ff51ba85",
                "sha256:550a8b3a19bb6589679a7c3c31f64312e7ff482a816c96e0cecec9ad3a7564dd",
                "sha256:658fe7b674769a0770d4b26cb4d6f005e88a442fe82446f020be8e5f5efb2fae",
                "sha256:6e33bb8b2613614a33dff70565f4c803f889ebd2f859466e42b46e1df76018dd",
                "sha256:6e42d29e324cdda61daaec2336c42512e59c7c375340bd202efa1fe0f7b8f8ca",
                "sha256:74bc9b6e0e79808bf8678d7678b2ae3736ea72d56eede3820bd3849823e7f305",
                "sha256:76ec771e2342f1b558c36d49900dfe81d140361dd0d2df6cd71b3db1be155409",
                "sha256:7d23370d2a6b7a71dc65d1266f9a34e4cde9e8e21511322415db4b26f46f6b8c",
                "sha256:87df44954c31d86df96c8bd6e80dfcd773473e877ac6176a8e29898bfb3501cb",
                "sha256:8c5979d0deb27e0f4479bee18ea0f83732a893e81b78e62e2dda3e7e518c92ee",
                "sha256:95d8d31a7713510685b05fbb18d6ac287a56c8f6554d88c19e73f724a445448a",
                "sha256:a22435632710a4fcf8acf86cbd0d69f68ac389a3892cb23fbad176d1cddaf228",
                "sha256:a8763e72d5d9574d45ce5881962bc8e9046bf7b375b0abf031f3e6811732a897",
                "sha256:c1eb485cea53f4f5284e5baf92902cd0088b24984f4209e25981cc359d64448d",
                "sha256:c5d2cc54175bab47011b09688b418db71403aefad07cbcd62d44010543fc143f",
                "sha256:cbc07246253b9e3d7d74c9ff948cd0fd7a71afcc2b77c7f0a59c26e9395cb152",
                "sha256:d0b6c62206e04061e27009481cb0ec966f7d6172b5b936f3ead3d74f29fe3dcf",
                "sha256:ddae0f39ca146972ff6bb4399f3b2943884a774b8771ea0a8f50e971f5ea5ba8",
                "sha256:e1f4d16e296f5135624b34e8fb741eb0eadedca90862405b1f1fde2040b9bd11",
                "sha256:e86c2c6852f62f8f2b24cb7a613ebe8e0c7dc1402c61d36a609174f63e0ff017",
                "sha256:ebc95f8386314272bbc817026f8ce8f4f0d2ef7ae44f947c4664efac9adec929",
                "sha256:f9dca1e257d4cc129517779226753dbefb4f2266c4eaad610fc15c6a7e14283e",
                "sha256:faff86aa10c1aa4a10e1a301de160f3d8fc8703b88c7e98de46b531ff1276a9a"
            ],
            "version": "==1.3.0"
        },
        "mypy-extensions": {
            "hashes": [
                "sha256:4392f6c0eb8a5668a69e23d168ffa70f0be9ccfd32b5cc2d26a34ae5b844552d",
                "sha256:75dbf8955dc00442a438fc4d0666508a9a97b6bd41aa2f0ffe9d2f2725af0782"
            ],
            "markers": "python_version >= '3.5'",
            "version": "==1.0.0"
        },
        "python-multipart": {
            "hashes": [
                "sha256:e9925a80bb668529f1b67c7fdb0a5dacdd7cbfc6fb0bff3ea443fe22bdd62132",
                "sha256:ee698bab5ef148b0a760751c261902cd096e57e10558e11aca17646b74ee1c18"
            ],
            "version": "==0.0.6"
        },
        "pyyaml": {
            "hashes": [
                "sha256:01b45c0191e6d66c470b6cf1b9531a771a83c1c4208272ead47a3ae4f2f603bf",
                "sha256:0283c35a6a9fbf047493e3a0ce8d79ef5030852c51e9d911a27badfde0605293",
                "sha256:055d937d65826939cb044fc8c9b08889e8c743fdc6a32b33e2390f66013e449b",
                "sha256:07751360502caac1c067a8132d150cf3d61339af5691fe9e87803040dbc5db57",
                "sha256:0b4624f379dab24d3725ffde76559cff63d9ec94e1736b556dacdfebe5ab6d4b",
                "sha256:0ce82d761c532fe4ec3f87fc45688bdd3a4c1dc5e0b4a19814b9009a29baefd4",
                "sha256:1e4747bc279b4f613a09eb64bba2ba602d8a6664c6ce6396a4d0cd413a50ce07",
                "sha256:213c60cd50106436cc818accf5baa1aba61c0189ff610f64f4a3e8c6726218ba",
                "sha256:231710d57adfd809ef5d34183b8ed1eeae3f76459c18fb4a0b373ad56bedcdd9",
                "sha256:277a0ef2981ca40581a47093e9e2d13b3f1fbbeffae064c1d21bfceba2030287",
                "sha256:2cd5df3de48857ed0544b34e2d40e9fac445930039f3cfe4bcc592a1f836d513",
                "sha256:40527857252b61eacd1d9af500c3337ba8deb8fc298940291486c465c8b46ec0",
                "sha256:432557aa2c09802be39460360ddffd48156e30721f5e8d917f01d31694216782",
                "sha256:473f9edb243cb1935ab5a084eb238d842fb8f404ed2193a915d1784b5a6b5fc0",
                "sha256:48c346915c114f5fdb3ead70312bd042a953a8ce5c7106d5bfb1a5254e47da92",
                "sha256:50602afada6d6cbfad699b0c7bb50d5ccffa7e46a3d738092afddc1f9758427f",
                "sha256:68fb519c14306fec9720a2a5b45bc9f0c8d1b9c72adf45c37baedfcd949c35a2",
                "sha256:77f396e6ef4c73fdc33a9157446466f1cff553d979bd00ecb64385760c6babdc",
                "sha256:81957921f441d50af23654aa6c5e5eaf9b06aba7f0a19c18a538dc7ef291c5a1",
                "sha256:819b3830a1543db06c4d4b865e70ded25be52a2e0631ccd2f6a47a2822f2fd7c",
                "sha256:897b80890765f037df3403d22bab41627ca8811ae55e9a722fd0392850ec4d86",
                "sha256:98c4d36e99714e55cfbaaee6dd5badbc9a1ec339ebfc3b1f52e293aee6bb71a4",
                "sha256:9df7ed3b3d2e0ecfe09e14741b857df43adb5a3ddadc919a2d94fbdf78fea53c",
                "sha256:9fa600030013c4de8165339db93d182b9431076eb98eb40ee068700c9c813e34",
                "sha256:a80a78046a72361de73f8f395f1f1e49f956c6be882eed58505a15f3e430962b",
                "sha256:afa17f5bc4d1b10afd4466fd3a44dc0e245382deca5b3c353d8b757f9e3ecb8d",
                "sha256:b3d267842bf12586ba6c734f89d1f5b871df0273157918b0ccefa29deb05c21c",
                "sha256:b5b9eccad747aabaaffbc6064800670f0c297e52c12754eb1d976c57e4f74dcb",
                "sha256:bfaef573a63ba8923503d27530362590ff4f576c626d86a9fed95822a8255fd7",
                "sha256:c5687b8d43cf58545ade1fe3e055f70eac7a5a1a0bf42824308d868289a95737",
                "sha256:cba8c411ef271aa037d7357a2bc8f9ee8b58b9965831d9e51baf703280dc73d3",
                "sha256:d15a181d1ecd0d4270dc32edb46f7cb7733c7c508857278d3d378d14d606db2d",
                "sha256:d4b0ba9512519522b118090257be113b9468d804b19d63c71dbcf4a48fa32358",
                "sha256:d4db7c7aef085872ef65a8fd7d6d09a14ae91f691dec3e87ee5ee0539d516f53",
                "sha256:d4eccecf9adf6fbcc6861a38015c2a64f38b9d94838ac1810a9023a0609e1b78",
                "sha256:d67d839ede4ed1b28a4e8909735fc992a923cdb84e618544973d7dfc71540803",
                "sha256:daf496c58a8c52083df09b80c860005194014c3698698d1a57cbcfa182142a3a",
                "sha256:dbad0e9d368bb989f4515da330b88a057617d16b6a8245084f1b05400f24609f",
                "sha256:e61ceaab6f49fb8bdfaa0f92c4b57bcfbea54c09277b1b4f7ac376bfb7a7c174",
                "sha256:f84fbc98b019fef2ee9a1cb3ce93e3187a6df0b2538a651bfb890254ba9f90b5"
            ],
            "version": "==6.0"
        },
        "sniffio": {
            "hashes": [
                "sha256:e60305c5e5d314f5389259b7f22aaa33d8f7dee49763119234af3755c55b9101",
                "sha256:eecefdce1e5bbfb7ad2eeaabf7c1eeb404d7757c379bd1f7e5cce9d8bf425384"
            ],
            "markers": "python_version >= '3.7'",
            "version": "==1.3.0"
        },
        "sqlalchemy": {
            "extras": [
                "mypy"
            ],
            "hashes": [
                "sha256:005e942b451cad5285015481ae4e557ff4154dde327840ba91b9ac379be3b6ce",
                "sha256:066c2b0413e8cb980e6d46bf9d35ca83be81c20af688fedaef01450b06e4aa5e",
                "sha256:0817c181271b0ce5df1aa20949f0a9e2426830fed5ecdcc8db449618f12c2730",
                "sha256:11c6b1de720f816c22d6ad3bbfa2f026f89c7b78a5c4ffafb220e0183956a92a",
                "sha256:1fd8b5ee5a3acc4371f820934b36f8109ce604ee73cc668c724abb054cebcb6e",
                "sha256:25887b4f716e085a1c5162f130b852f84e18d2633942c8ca40dfb8519367c14f",
                "sha256:2b562e9d1e59be7833edf28b0968f156683d57cabd2137d8121806f38a9d58f4",
                "sha256:2b9af65cc58726129d8414fc1a1a650dcdd594ba12e9c97909f1f57d48e393d3",
                "sha256:2ee26276f12614d47cc07bc85490a70f559cba965fb178b1c45d46ffa8d73fda",
                "sha256:2fc2ab4d9f6d9218a5caa4121bdcf1125303482a1cdcfcdbd8567be8518969c0",
                "sha256:3509159e050bd6d24189ec7af373359f07aed690db91909c131e5068176c5a5d",
                "sha256:4355e5915844afdc5cf22ec29fba1010166e35dd94a21305f49020022167556b",
                "sha256:44d29a3fc6d9c45962476b470a81983dd8add6ad26fdbfae6d463b509d5adcda",
                "sha256:49c312bcff4728bffc6fb5e5318b8020ed5c8b958a06800f91859fe9633ca20e",
                "sha256:4bac3aa3c3d8bc7408097e6fe8bf983caa6e9491c5d2e2488cfcfd8106f13b6a",
                "sha256:5381ddd09a99638f429f4cbe1b71b025bed318f6a7b23e11d65f3eed5e181c33",
                "sha256:627e04a5d54bd50628fc8734d5fc6df2a1aa5962f219c44aad50b00a6cdcf965",
                "sha256:68413aead943883b341b2b77acd7a7fe2377c34d82e64d1840860247cec7ff7c",
                "sha256:6dab89874e72a9ab5462997846d4c760cdb957958be27b03b49cf0de5e5c327c",
                "sha256:6f82d8efea1ca92b24f51d3aea1a82897ed2409868a0af04247c8c1e4fef5890",
                "sha256:7ad2b0f6520ed5038e795cc2852eb5c1f20fa6831d73301ced4aafbe3a10e1f6",
                "sha256:87609f6d4e81a941a17e61a4c19fee57f795e96f834c4f0a30cee725fc3f81d9",
                "sha256:92e6133cf337c42bfee03ca08c62ba0f2d9695618c8abc14a564f47503157be9",
                "sha256:9af1db7a287ef86e0f5cd990b38da6bd9328de739d17e8864f1817710da2d217",
                "sha256:9c8cfe951ed074ba5e708ed29c45397a95c4143255b0d022c7c8331a75ae61f3",
                "sha256:9d9b55252d2ca42a09bcd10a697fa041e696def9dfab0b78c0aaea1485551a08",
                "sha256:a1fc046756cf2a37d7277c93278566ddf8be135c6a58397b4c940abf837011f4",
                "sha256:b47bc287096d989a0838ce96f7d8e966914a24da877ed41a7531d44b55cdb8df",
                "sha256:c99bf13e07140601d111a7c6f1fc1519914dd4e5228315bbda255e08412f61a4",
                "sha256:cbbe8b8bffb199b225d2fe3804421b7b43a0d49983f81dc654d0431d2f855543",
                "sha256:ce7915eecc9c14a93b73f4e1c9d779ca43e955b43ddf1e21df154184f39748e5",
                "sha256:cef2e2abc06eab187a533ec3e1067a71d7bbec69e582401afdf6d8cad4ba3515",
                "sha256:d53cd8bc582da5c1c8c86b6acc4ef42e20985c57d0ebc906445989df566c5603",
                "sha256:dbcae0e528d755f4522cad5842f0942e54b578d79f21a692c44d91352ea6d64e",
                "sha256:e1ddbbcef9bcedaa370c03771ebec7e39e3944782bef49e69430383c376a250b",
                "sha256:e3e98d4907805b07743b583a99ecc58bf8807ecb6985576d82d5e8ae103b5272",
                "sha256:eb5464ee8d4bb6549d368b578e9529d3c43265007193597ddca71c1bae6174e6",
                "sha256:eee09350fd538e29cfe3a496ec6f148504d2da40dbf52adefb0d2f8e4d38ccc4",
                "sha256:fb0808ad34167f394fea21bd4587fc62f3bd81bba232a1e7fbdfa17e6cfa7cd7",
                "sha256:fbde5642104ac6e95f96e8ad6d18d9382aa20672008cf26068fe36f3004491df",
                "sha256:fe1dd2562313dd9fe1778ed56739ad5d9aae10f9f43d9f4cf81d65b0c85168bb"
            ],
            "index": "pypi",
            "version": "==1.4.48"
        },
        "sqlalchemy2-stubs": {
            "hashes": [
                "sha256:2432137ab2fde1a608df4544f6712427b0b7ff25990cfbbc5a9d1db6c8c6f489",
                "sha256:a313220ac793404349899faf1272e821a62dbe1d3a029bd444faa8d3e966cd07"
            ],
            "version": "==0.0.2a34"
        },
        "starlette": {
            "extras": [
                "full"
            ],
            "hashes": [
                "sha256:41da799057ea8620e4667a3e69a5b1923ebd32b1819c8fa75634bbe8d8bea9bd",
                "sha256:e87fce5d7cbdde34b76f0ac69013fd9d190d581d80681493016666e6f96c6d5e"
            ],
            "index": "pypi",
            "version": "==0.26.1"
        },
        "starlette-wtf": {
            "hashes": [
                "sha256:4b01d670f65112f13d19aa458cc9932f94f17ace14aaae1b6f08224f4aab2d86"
            ],
            "index": "pypi",
            "version": "==0.4.3"
        },
        "typing-extensions": {
            "hashes": [
                "sha256:06006244c70ac8ee83fa8282cb188f697b8db25bc8b4df07be1873c43897060c",
                "sha256:3a8b36f13dd5fdc5d1b16fe317f5668545de77fa0b8e02006381fd49d731ab98"
            ],
            "markers": "python_version >= '3.7'",
            "version": "==4.6.2"
        },
        "uvicorn": {
            "hashes": [
                "sha256:79277ae03db57ce7d9aa0567830bbb51d7a612f54d6e1e3e92da3ef24c2c8ed8",
                "sha256:e9434d3bbf05f310e762147f769c9f21235ee118ba2d2bf1155a7196448bd996"
            ],
            "index": "pypi",
            "version": "==0.22.0"
        },
        "uvloop": {
            "hashes": [
                "sha256:0949caf774b9fcefc7c5756bacbbbd3fc4c05a6b7eebc7c7ad6f825b23998d6d",
                "sha256:0ddf6baf9cf11a1a22c71487f39f15b2cf78eb5bde7e5b45fbb99e8a9d91b9e1",
                "sha256:1436c8673c1563422213ac6907789ecb2b070f5939b9cbff9ef7113f2b531595",
                "sha256:23609ca361a7fc587031429fa25ad2ed7242941adec948f9d10c045bfecab06b",
                "sha256:2a6149e1defac0faf505406259561bc14b034cdf1d4711a3ddcdfbaa8d825a05",
                "sha256:2deae0b0fb00a6af41fe60a675cec079615b01d68beb4cc7b722424406b126a8",
                "sha256:307958f9fc5c8bb01fad752d1345168c0abc5d62c1b72a4a8c6c06f042b45b20",
                "sha256:30babd84706115626ea78ea5dbc7dd8d0d01a2e9f9b306d24ca4ed5796c66ded",
                "sha256:3378eb62c63bf336ae2070599e49089005771cc651c8769aaad72d1bd9385a7c",
                "sha256:3d97672dc709fa4447ab83276f344a165075fd9f366a97b712bdd3fee05efae8",
                "sha256:3db8de10ed684995a7f34a001f15b374c230f7655ae840964d51496e2f8a8474",
                "sha256:3ebeeec6a6641d0adb2ea71dcfb76017602ee2bfd8213e3fcc18d8f699c5104f",
                "sha256:45cea33b208971e87a31c17622e4b440cac231766ec11e5d22c76fab3bf9df62",
                "sha256:6708f30db9117f115eadc4f125c2a10c1a50d711461699a0cbfaa45b9a78e376",
                "sha256:68532f4349fd3900b839f588972b3392ee56042e440dd5873dfbbcd2cc67617c",
                "sha256:6aafa5a78b9e62493539456f8b646f85abc7093dd997f4976bb105537cf2635e",
                "sha256:7d37dccc7ae63e61f7b96ee2e19c40f153ba6ce730d8ba4d3b4e9738c1dccc1b",
                "sha256:864e1197139d651a76c81757db5eb199db8866e13acb0dfe96e6fc5d1cf45fc4",
                "sha256:8887d675a64cfc59f4ecd34382e5b4f0ef4ae1da37ed665adba0c2badf0d6578",
                "sha256:8efcadc5a0003d3a6e887ccc1fb44dec25594f117a94e3127954c05cf144d811",
                "sha256:9b09e0f0ac29eee0451d71798878eae5a4e6a91aa275e114037b27f7db72702d",
                "sha256:a4aee22ece20958888eedbad20e4dbb03c37533e010fb824161b4f05e641f738",
                "sha256:a5abddb3558d3f0a78949c750644a67be31e47936042d4f6c888dd6f3c95f4aa",
                "sha256:c092a2c1e736086d59ac8e41f9c98f26bbf9b9222a76f21af9dfe949b99b2eb9",
                "sha256:c686a47d57ca910a2572fddfe9912819880b8765e2f01dc0dd12a9bf8573e539",
                "sha256:cbbe908fda687e39afd6ea2a2f14c2c3e43f2ca88e3a11964b297822358d0e6c",
                "sha256:ce9f61938d7155f79d3cb2ffa663147d4a76d16e08f65e2c66b77bd41b356718",
                "sha256:dbbaf9da2ee98ee2531e0c780455f2841e4675ff580ecf93fe5c48fe733b5667",
                "sha256:f1e507c9ee39c61bfddd79714e4f85900656db1aec4d40c6de55648e85c2799c",
                "sha256:ff3d00b70ce95adce264462c930fbaecb29718ba6563db354608f37e49e09024"
            ],
            "index": "pypi",
            "version": "==0.17.0"
        },
        "watchfiles": {
            "hashes": [
                "sha256:0089c6dc24d436b373c3c57657bf4f9a453b13767150d17284fc6162b2791911",
                "sha256:09ea3397aecbc81c19ed7f025e051a7387feefdb789cf768ff994c1228182fda",
                "sha256:176a9a7641ec2c97b24455135d58012a5be5c6217fc4d5fef0b2b9f75dbf5154",
                "sha256:18b28f6ad871b82df9542ff958d0c86bb0d8310bb09eb8e87d97318a3b5273af",
                "sha256:20b44221764955b1e703f012c74015306fb7e79a00c15370785f309b1ed9aa8d",
                "sha256:3d7d267d27aceeeaa3de0dd161a0d64f0a282264d592e335fff7958cc0cbae7c",
                "sha256:5471582658ea56fca122c0f0d0116a36807c63fefd6fdc92c71ca9a4491b6b48",
                "sha256:5569fc7f967429d4bc87e355cdfdcee6aabe4b620801e2cf5805ea245c06097c",
                "sha256:68dce92b29575dda0f8d30c11742a8e2b9b8ec768ae414b54f7453f27bdf9545",
                "sha256:79c533ff593db861ae23436541f481ec896ee3da4e5db8962429b441bbaae16e",
                "sha256:7f3920b1285a7d3ce898e303d84791b7bf40d57b7695ad549dc04e6a44c9f120",
                "sha256:91633e64712df3051ca454ca7d1b976baf842d7a3640b87622b323c55f3345e7",
                "sha256:945be0baa3e2440151eb3718fd8846751e8b51d8de7b884c90b17d271d34cae8",
                "sha256:9afd0d69429172c796164fd7fe8e821ade9be983f51c659a38da3faaaaac44dc",
                "sha256:9c75eff897786ee262c9f17a48886f4e98e6cfd335e011c591c305e5d083c056",
                "sha256:b538014a87f94d92f98f34d3e6d2635478e6be6423a9ea53e4dd96210065e193",
                "sha256:b6577b8c6c8701ba8642ea9335a129836347894b666dd1ec2226830e263909d3",
                "sha256:c0376deac92377817e4fb8f347bf559b7d44ff556d9bc6f6208dd3f79f104aaf",
                "sha256:cae3dde0b4b2078f31527acff6f486e23abed307ba4d3932466ba7cdd5ecec79",
                "sha256:cb5d45c4143c1dd60f98a16187fd123eda7248f84ef22244818c18d531a249d1",
                "sha256:d9b073073e048081e502b6c6b0b88714c026a1a4c890569238d04aca5f9ca74b",
                "sha256:fac19dc9cbc34052394dbe81e149411a62e71999c0a19e1e09ce537867f95ae0"
            ],
            "index": "pypi",
            "version": "==0.19.0"
        },
        "wtforms": {
            "hashes": [
                "sha256:6b351bbb12dd58af57ffef05bc78425d08d1914e0fd68ee14143b7ade023c5bc",
                "sha256:837f2f0e0ca79481b92884962b914eba4e72b7a2daaf1f939c890ed0124b834b"
            ],
            "index": "pypi",
            "version": "==3.0.1"
        }
    },
    "develop": {
        "black": {
            "hashes": [
                "sha256:064101748afa12ad2291c2b91c960be28b817c0c7eaa35bec09cc63aa56493c5",
                "sha256:0945e13506be58bf7db93ee5853243eb368ace1c08a24c65ce108986eac65915",
                "sha256:11c410f71b876f961d1de77b9699ad19f939094c3a677323f43d7a29855fe326",
                "sha256:1c7b8d606e728a41ea1ccbd7264677e494e87cf630e399262ced92d4a8dac940",
                "sha256:1d06691f1eb8de91cd1b322f21e3bfc9efe0c7ca1f0e1eb1db44ea367dff656b",
                "sha256:3238f2aacf827d18d26db07524e44741233ae09a584273aa059066d644ca7b30",
                "sha256:32daa9783106c28815d05b724238e30718f34155653d4d6e125dc7daec8e260c",
                "sha256:35d1381d7a22cc5b2be2f72c7dfdae4072a3336060635718cc7e1ede24221d6c",
                "sha256:3a150542a204124ed00683f0db1f5cf1c2aaaa9cc3495b7a3b5976fb136090ab",
                "sha256:48f9d345675bb7fbc3dd85821b12487e1b9a75242028adad0333ce36ed2a6d27",
                "sha256:50cb33cac881766a5cd9913e10ff75b1e8eb71babf4c7104f2e9c52da1fb7de2",
                "sha256:562bd3a70495facf56814293149e51aa1be9931567474993c7942ff7d3533961",
                "sha256:67de8d0c209eb5b330cce2469503de11bca4085880d62f1628bd9972cc3366b9",
                "sha256:6b39abdfb402002b8a7d030ccc85cf5afff64ee90fa4c5aebc531e3ad0175ddb",
                "sha256:6f3c333ea1dd6771b2d3777482429864f8e258899f6ff05826c3a4fcc5ce3f70",
                "sha256:714290490c18fb0126baa0fca0a54ee795f7502b44177e1ce7624ba1c00f2331",
                "sha256:7c3eb7cea23904399866c55826b31c1f55bbcd3890ce22ff70466b907b6775c2",
                "sha256:92c543f6854c28a3c7f39f4d9b7694f9a6eb9d3c5e2ece488c327b6e7ea9b266",
                "sha256:a6f6886c9869d4daae2d1715ce34a19bbc4b95006d20ed785ca00fa03cba312d",
                "sha256:a8a968125d0a6a404842fa1bf0b349a568634f856aa08ffaff40ae0dfa52e7c6",
                "sha256:c7ab5790333c448903c4b721b59c0d80b11fe5e9803d8703e84dcb8da56fec1b",
                "sha256:e114420bf26b90d4b9daa597351337762b63039752bdf72bf361364c1aa05925",
                "sha256:e198cf27888ad6f4ff331ca1c48ffc038848ea9f031a3b40ba36aced7e22f2c8",
                "sha256:ec751418022185b0c1bb7d7736e6933d40bbb14c14a0abcf9123d1b159f98dd4",
                "sha256:f0bd2f4a58d6666500542b26354978218a9babcdc972722f4bf90779524515f3"
            ],
            "index": "pypi",
            "version": "==23.3.0"
        },
        "click": {
            "hashes": [
                "sha256:7682dc8afb30297001674575ea00d1814d808d6a36af415a82bd481d37ba7b8e",
                "sha256:bb4d8133cb15a609f44e8213d9b391b0809795062913b383c62be0ee95b1db48"
            ],
            "markers": "python_version >= '3.7'",
            "version": "==8.1.3"
        },
        "mypy": {
            "hashes": [
                "sha256:1c4c42c60a8103ead4c1c060ac3cdd3ff01e18fddce6f1016e08939647a0e703",
                "sha256:44797d031a41516fcf5cbfa652265bb994e53e51994c1bd649ffcd0c3a7eccbf",
                "sha256:473117e310febe632ddf10e745a355714e771ffe534f06db40702775056614c4",
                "sha256:4c99c3ecf223cf2952638da9cd82793d8f3c0c5fa8b6ae2b2d9ed1e1ff51ba85",
                "sha256:550a8b3a19bb6589679a7c3c31f64312e7ff482a816c96e0cecec9ad3a7564dd",
                "sha256:658fe7b674769a0770d4b26cb4d6f005e88a442fe82446f020be8e5f5efb2fae",
                "sha256:6e33bb8b2613614a33dff70565f4c803f889ebd2f859466e42b46e1df76018dd",
                "sha256:6e42d29e324cdda61daaec2336c42512e59c7c375340bd202efa1fe0f7b8f8ca",
                "sha256:74bc9b6e0e79808bf8678d7678b2ae3736ea72d56eede3820bd3849823e7f305",
                "sha256:76ec771e2342f1b558c36d49900dfe81d140361dd0d2df6cd71b3db1be155409",
                "sha256:7d23370d2a6b7a71dc65d1266f9a34e4cde9e8e21511322415db4b26f46f6b8c",
                "sha256:87df44954c31d86df96c8bd6e80dfcd773473e877ac6176a8e29898bfb3501cb",
                "sha256:8c5979d0deb27e0f4479bee18ea0f83732a893e81b78e62e2dda3e7e518c92ee",
                "sha256:95d8d31a7713510685b05fbb18d6ac287a56c8f6554d88c19e73f724a445448a",
                "sha256:a22435632710a4fcf8acf86cbd0d69f68ac389a3892cb23fbad176d1cddaf228",
                "sha256:a8763e72d5d9574d45ce5881962bc8e9046bf7b375b0abf031f3e6811732a897",
                "sha256:c1eb485cea53f4f5284e5baf92902cd0088b24984f4209e25981cc359d64448d",
                "sha256:c5d2cc54175bab47011b09688b418db71403aefad07cbcd62d44010543fc143f",
                "sha256:cbc07246253b9e3d7d74c9ff948cd0fd7a71afcc2b77c7f0a59c26e9395cb152",
                "sha256:d0b6c62206e04061e27009481cb0ec966f7d6172b5b936f3ead3d74f29fe3dcf",
                "sha256:ddae0f39ca146972ff6bb4399f3b2943884a774b8771ea0a8f50e971f5ea5ba8",
                "sha256:e1f4d16e296f5135624b34e8fb741eb0eadedca90862405b1f1fde2040b9bd11",
                "sha256:e86c2c6852f62f8f2b24cb7a613ebe8e0c7dc1402c61d36a609174f63e0ff017",
                "sha256:ebc95f8386314272bbc817026f8ce8f4f0d2ef7ae44f947c4664efac9adec929",
                "sha256:f9dca1e257d4cc129517779226753dbefb4f2266c4eaad610fc15c6a7e14283e",
                "sha256:faff86aa10c1aa4a10e1a301de160f3d8fc8703b88c7e98de46b531ff1276a9a"
            ],
            "version": "==1.3.0"
        },
        "mypy-extensions": {
            "hashes": [
                "sha256:4392f6c0eb8a5668a69e23d168ffa70f0be9ccfd32b5cc2d26a34ae5b844552d",
                "sha256:75dbf8955dc00442a438fc4d0666508a9a97b6bd41aa2f0ffe9d2f2725af0782"
            ],
            "markers": "python_version >= '3.5'",
            "version": "==1.0.0"
        },
        "packaging": {
            "hashes": [
                "sha256:994793af429502c4ea2ebf6bf664629d07c1a9fe974af92966e4b8d2df7edc61",
                "sha256:a392980d2b6cffa644431898be54b0045151319d1e7ec34f0cfed48767dd334f"
            ],
            "markers": "python_version >= '3.7'",
            "version": "==23.1"
        },
        "pathspec": {
            "hashes": [
                "sha256:2798de800fa92780e33acca925945e9a19a133b715067cf165b8866c15a31687",
                "sha256:d8af70af76652554bd134c22b3e8a1cc46ed7d91edcdd721ef1a0c51a84a5293"
            ],
            "markers": "python_version >= '3.7'",
            "version": "==0.11.1"
        },
        "platformdirs": {
            "hashes": [
                "sha256:412dae91f52a6f84830f39a8078cecd0e866cb72294a5c66808e74d5e88d251f",
                "sha256:e2378146f1964972c03c085bb5662ae80b2b8c06226c54b2ff4aa9483e8a13a5"
            ],
            "markers": "python_version >= '3.7'",
            "version": "==3.5.1"
        },
        "typing-extensions": {
            "hashes": [
                "sha256:06006244c70ac8ee83fa8282cb188f697b8db25bc8b4df07be1873c43897060c",
                "sha256:3a8b36f13dd5fdc5d1b16fe317f5668545de77fa0b8e02006381fd49d731ab98"
            ],
            "markers": "python_version >= '3.7'",
            "version": "==4.6.2"
        }
    }
}
